
Microsoft Visual Studio Solution File, Format Version 12.00
# Visual Studio Version 16
VisualStudioVersion = 16.0.30204.135
MinimumVisualStudioVersion = 10.0.40219.1
Project("{FAE04EC0-301F-11D3-BF4B-00C04F79EFBC}") = "Vidly", "Vidly\Vidly.csproj", "{D5671A3A-9232-4063-999F-EC883636DE8B}"
EndProject
Global
	GlobalSection(SolutionConfigurationPlatforms) = preSolution
		Debug|Any CPU = Debug|Any CPU
		Release|Any CPU = Release|Any CPU
	EndGlobalSection
	GlobalSection(ProjectConfigurationPlatforms) = postSolution
		{D5671A3A-9232-4063-999F-EC883636DE8B}.Debug|Any CPU.ActiveCfg = Debug|Any CPU
		{D5671A3A-9232-4063-999F-EC883636DE8B}.Debug|Any CPU.Build.0 = Debug|Any CPU
		{D5671A3A-9232-4063-999F-EC883636DE8B}.Release|Any CPU.ActiveCfg = Release|Any CPU
		{D5671A3A-9232-4063-999F-EC883636DE8B}.Release|Any CPU.Build.0 = Release|Any CPU
	EndGlobalSection
	GlobalSection(SolutionProperties) = preSolution
		HideSolutionNode = FALSE
	EndGlobalSection
	GlobalSection(ExtensibilityGlobals) = postSolution
		SolutionGuid = {922A7608-F5F4-4F9E-A30C-3AA93406A4A8}
	EndGlobalSection
EndGlobal
